
Microsoft Visual Studio Solution File, Format Version 12.00
# Visual Studio 2015
Project("{FAE04EC0-301F-11D3-BF4B-00C04F79EFBC}") = "GameProjectsT18.CSharp.Plugins", "GameProjectsT18.CSharp.Plugins.csproj", "{923997BC-6079-AB1D-97D8-85F0EBD658FE}"
EndProject
Project("{FAE04EC0-301F-11D3-BF4B-00C04F79EFBC}") = "GameProjectsT18.CSharp", "GameProjectsT18.CSharp.csproj", "{02D7D7C0-83E1-65FB-8C53-4B5436C3A2BB}"
EndProject
Project("{FAE04EC0-301F-11D3-BF4B-00C04F79EFBC}") = "GameProjectsT18.CSharp.Editor.Plugins", "GameProjectsT18.CSharp.Editor.Plugins.csproj", "{4CE2DB55-85F3-F292-680A-52FC4A105631}"
EndProject
Global
	GlobalSection(SolutionConfigurationPlatforms) = preSolution
		Debug|Any CPU = Debug|Any CPU
		Release|Any CPU = Release|Any CPU
	EndGlobalSection
	GlobalSection(ProjectConfigurationPlatforms) = postSolution
		{923997BC-6079-AB1D-97D8-85F0EBD658FE}.Debug|Any CPU.ActiveCfg = Debug|Any CPU
		{923997BC-6079-AB1D-97D8-85F0EBD658FE}.Debug|Any CPU.Build.0 = Debug|Any CPU
		{923997BC-6079-AB1D-97D8-85F0EBD658FE}.Release|Any CPU.ActiveCfg = Release|Any CPU
		{923997BC-6079-AB1D-97D8-85F0EBD658FE}.Release|Any CPU.Build.0 = Release|Any CPU
		{02D7D7C0-83E1-65FB-8C53-4B5436C3A2BB}.Debug|Any CPU.ActiveCfg = Debug|Any CPU
		{02D7D7C0-83E1-65FB-8C53-4B5436C3A2BB}.Debug|Any CPU.Build.0 = Debug|Any CPU
		{02D7D7C0-83E1-65FB-8C53-4B5436C3A2BB}.Release|Any CPU.ActiveCfg = Release|Any CPU
		{02D7D7C0-83E1-65FB-8C53-4B5436C3A2BB}.Release|Any CPU.Build.0 = Release|Any CPU
		{4CE2DB55-85F3-F292-680A-52FC4A105631}.Debug|Any CPU.ActiveCfg = Debug|Any CPU
		{4CE2DB55-85F3-F292-680A-52FC4A105631}.Debug|Any CPU.Build.0 = Debug|Any CPU
		{4CE2DB55-85F3-F292-680A-52FC4A105631}.Release|Any CPU.ActiveCfg = Release|Any CPU
		{4CE2DB55-85F3-F292-680A-52FC4A105631}.Release|Any CPU.Build.0 = Release|Any CPU
	EndGlobalSection
	GlobalSection(SolutionProperties) = preSolution
		HideSolutionNode = FALSE
	EndGlobalSection
EndGlobal
